
Microsoft Visual Studio Solution File, Format Version 12.00
# Visual Studio 14
VisualStudioVersion = 14.0.23107.0
MinimumVisualStudioVersion = 10.0.40219.1
Project("{FAE04EC0-301F-11D3-BF4B-00C04F79EFBC}") = "ConsoleApp1", "ConsoleApp1\ConsoleApp1.csproj", "{8FA17E34-494B-4F47-B97F-632EF5675DBF}"
EndProject
Project("{FAE04EC0-301F-11D3-BF4B-00C04F79EFBC}") = "UnitTestApp1", "UnitTestApp1\UnitTestApp1.csproj", "{ACCDD4EF-DAEA-42CF-A8BF-D4755FBE2B88}"
EndProject
Global
	GlobalSection(SolutionConfigurationPlatforms) = preSolution
		Debug|Any CPU = Debug|Any CPU
		Release|Any CPU = Release|Any CPU
	EndGlobalSection
	GlobalSection(ProjectConfigurationPlatforms) = postSolution
		{8FA17E34-494B-4F47-B97F-632EF5675DBF}.Debug|Any CPU.ActiveCfg = Debug|Any CPU
		{8FA17E34-494B-4F47-B97F-632EF5675DBF}.Debug|Any CPU.Build.0 = Debug|Any CPU
		{8FA17E34-494B-4F47-B97F-632EF5675DBF}.Release|Any CPU.ActiveCfg = Release|Any CPU
		{8FA17E34-494B-4F47-B97F-632EF5675DBF}.Release|Any CPU.Build.0 = Release|Any CPU
		{ACCDD4EF-DAEA-42CF-A8BF-D4755FBE2B88}.Debug|Any CPU.ActiveCfg = Debug|Any CPU
		{ACCDD4EF-DAEA-42CF-A8BF-D4755FBE2B88}.Debug|Any CPU.Build.0 = Debug|Any CPU
		{ACCDD4EF-DAEA-42CF-A8BF-D4755FBE2B88}.Release|Any CPU.ActiveCfg = Release|Any CPU
		{ACCDD4EF-DAEA-42CF-A8BF-D4755FBE2B88}.Release|Any CPU.Build.0 = Release|Any CPU
	EndGlobalSection
	GlobalSection(SolutionProperties) = preSolution
		HideSolutionNode = FALSE
	EndGlobalSection
EndGlobal
